
Microsoft Visual Studio Solution File, Format Version 12.00
# Visual Studio Version 17
VisualStudioVersion = 17.3.32819.101
MinimumVisualStudioVersion = 10.0.40219.1
Project("{FAE04EC0-301F-11D3-BF4B-00C04F79EFBC}") = "Dot", "Dot\Dot.csproj", "{CD40B267-3C74-4946-97CB-14A031ED4233}"
EndProject
Global
	GlobalSection(SolutionConfigurationPlatforms) = preSolution
		Debug|Any CPU = Debug|Any CPU
		Release|Any CPU = Release|Any CPU
	EndGlobalSection
	GlobalSection(ProjectConfigurationPlatforms) = postSolution
		{CD40B267-3C74-4946-97CB-14A031ED4233}.Debug|Any CPU.ActiveCfg = Debug|Any CPU
		{CD40B267-3C74-4946-97CB-14A031ED4233}.Debug|Any CPU.Build.0 = Debug|Any CPU
		{CD40B267-3C74-4946-97CB-14A031ED4233}.Release|Any CPU.ActiveCfg = Release|Any CPU
		{CD40B267-3C74-4946-97CB-14A031ED4233}.Release|Any CPU.Build.0 = Release|Any CPU
	EndGlobalSection
	GlobalSection(SolutionProperties) = preSolution
		HideSolutionNode = FALSE
	EndGlobalSection
	GlobalSection(ExtensibilityGlobals) = postSolution
		SolutionGuid = {69A59415-4EEA-4058-9ECE-2BF9E80FFFF9}
	EndGlobalSection
EndGlobal
